// !$*UTF8*$!
{
	archiveVersion = 1;
	classes = {
	};
	objectVersion = 51;
	objects = {

/* Begin PBXBuildFile section */
		125F30602478E6DA00716DCF /* AppDelegate.swift in Sources */ = {isa = PBXBuildFile; fileRef = 125F305F2478E6DA00716DCF /* AppDelegate.swift */; };
		125F30622478E6DA00716DCF /* SceneDelegate.swift in Sources */ = {isa = PBXBuildFile; fileRef = 125F30612478E6DA00716DCF /* SceneDelegate.swift */; };
		125F30642478E6DA00716DCF /* ContentView.swift in Sources */ = {isa = PBXBuildFile; fileRef = 125F30632478E6DA00716DCF /* ContentView.swift */; };
		125F30662478E6DC00716DCF /* Assets.xcassets in Resources */ = {isa = PBXBuildFile; fileRef = 125F30652478E6DC00716DCF /* Assets.xcassets */; };
		125F30692478E6DC00716DCF /* Preview Assets.xcassets in Resources */ = {isa = PBXBuildFile; fileRef = 125F30682478E6DC00716DCF /* Preview Assets.xcassets */; };
		125F306C2478E6DC00716DCF /* LaunchScreen.storyboard in Resources */ = {isa = PBXBuildFile; fileRef = 125F306A2478E6DC00716DCF /* LaunchScreen.storyboard */; };
		125F30772478E6DC00716DCF /* MusicSharingTests.swift in Sources */ = {isa = PBXBuildFile; fileRef = 125F30762478E6DC00716DCF /* MusicSharingTests.swift */; };
		125F30822478E6DC00716DCF /* MusicSharingUITests.swift in Sources */ = {isa = PBXBuildFile; fileRef = 125F30812478E6DC00716DCF /* MusicSharingUITests.swift */; };
		125F30902479BF9C00716DCF /* GoogleService-Info.plist in Resources */ = {isa = PBXBuildFile; fileRef = 125F308F2479BF9C00716DCF /* GoogleService-Info.plist */; };
		125F309E247F14D800716DCF /* Profile.swift in Sources */ = {isa = PBXBuildFile; fileRef = 125F309D247F14D700716DCF /* Profile.swift */; };
		125F30A12480580E00716DCF /* ProfileViewModel.swift in Sources */ = {isa = PBXBuildFile; fileRef = 125F30A02480580E00716DCF /* ProfileViewModel.swift */; };
		125F30A524805C9400716DCF /* ProfileListView.swift in Sources */ = {isa = PBXBuildFile; fileRef = 125F30A424805C9400716DCF /* ProfileListView.swift */; };
		125F30A82480677D00716DCF /* TaskRepository.swift in Sources */ = {isa = PBXBuildFile; fileRef = 125F30A72480677D00716DCF /* TaskRepository.swift */; };
		125F30AB2481991000716DCF /* PersonalProfileHost.swift in Sources */ = {isa = PBXBuildFile; fileRef = 125F30AA2481991000716DCF /* PersonalProfileHost.swift */; };
		125F30AD2481991F00716DCF /* PersonalProfileEditor.swift in Sources */ = {isa = PBXBuildFile; fileRef = 125F30AC2481991F00716DCF /* PersonalProfileEditor.swift */; };
		125F30AF2481992D00716DCF /* PersonalProfileSummary.swift in Sources */ = {isa = PBXBuildFile; fileRef = 125F30AE2481992D00716DCF /* PersonalProfileSummary.swift */; };
		125F30B12481A4F200716DCF /* UserData.swift in Sources */ = {isa = PBXBuildFile; fileRef = 125F30B02481A4F200716DCF /* UserData.swift */; };
		1271B102248F423B00665D8F /* ProfileListViewModel.swift in Sources */ = {isa = PBXBuildFile; fileRef = 1271B101248F423B00665D8F /* ProfileListViewModel.swift */; };
		6D81FBBC2493FDC60000CC52 /* SpotifyiOS.framework in Frameworks */ = {isa = PBXBuildFile; fileRef = 6D81FBBB2493FDC60000CC52 /* SpotifyiOS.framework */; };
		6DB23A8D2492BD36005BF22F /* Song.swift in Sources */ = {isa = PBXBuildFile; fileRef = 6DB23A8C2492BD36005BF22F /* Song.swift */; };
		6DB23A8F2492BD4D005BF22F /* TopTracksResponse.swift in Sources */ = {isa = PBXBuildFile; fileRef = 6DB23A8E2492BD4D005BF22F /* TopTracksResponse.swift */; };
		6DB23A912492BD6B005BF22F /* User.swift in Sources */ = {isa = PBXBuildFile; fileRef = 6DB23A902492BD6B005BF22F /* User.swift */; };
		6DB23A932492BD81005BF22F /* SpotifyAuthentication.swift in Sources */ = {isa = PBXBuildFile; fileRef = 6DB23A922492BD81005BF22F /* SpotifyAuthentication.swift */; };
		6DB23A952492BD8A005BF22F /* PlayingView.swift in Sources */ = {isa = PBXBuildFile; fileRef = 6DB23A942492BD8A005BF22F /* PlayingView.swift */; };
		6DB23A972492BD90005BF22F /* AppView.swift in Sources */ = {isa = PBXBuildFile; fileRef = 6DB23A962492BD90005BF22F /* AppView.swift */; };
		80401131AD91C32FD998595B /* Pods_MusicSharing_MusicSharingUITests.framework in Frameworks */ = {isa = PBXBuildFile; fileRef = 2BCFA5E5A3E2B3F2B2B3830D /* Pods_MusicSharing_MusicSharingUITests.framework */; };
		CC914C47103E870727FFA471 /* Pods_MusicSharingTests.framework in Frameworks */ = {isa = PBXBuildFile; fileRef = C1CF78CF6475CA22B2BC7EA4 /* Pods_MusicSharingTests.framework */; };
/* End PBXBuildFile section */

/* Begin PBXContainerItemProxy section */
		125F30732478E6DC00716DCF /* PBXContainerItemProxy */ = {
			isa = PBXContainerItemProxy;
			containerPortal = 125F30542478E6DA00716DCF /* Project object */;
			proxyType = 1;
			remoteGlobalIDString = 125F305B2478E6DA00716DCF;
			remoteInfo = Login_v1;
		};
		125F307E2478E6DC00716DCF /* PBXContainerItemProxy */ = {
			isa = PBXContainerItemProxy;
			containerPortal = 125F30542478E6DA00716DCF /* Project object */;
			proxyType = 1;
			remoteGlobalIDString = 125F305B2478E6DA00716DCF;
			remoteInfo = Login_v1;
		};
/* End PBXContainerItemProxy section */

/* Begin PBXFileReference section */
		125F305C2478E6DA00716DCF /* MusicSharing.app */ = {isa = PBXFileReference; explicitFileType = wrapper.application; includeInIndex = 0; path = MusicSharing.app; sourceTree = BUILT_PRODUCTS_DIR; };
		125F305F2478E6DA00716DCF /* AppDelegate.swift */ = {isa = PBXFileReference; lastKnownFileType = sourcecode.swift; path = AppDelegate.swift; sourceTree = "<group>"; };
		125F30612478E6DA00716DCF /* SceneDelegate.swift */ = {isa = PBXFileReference; lastKnownFileType = sourcecode.swift; path = SceneDelegate.swift; sourceTree = "<group>"; };
		125F30632478E6DA00716DCF /* ContentView.swift */ = {isa = PBXFileReference; lastKnownFileType = sourcecode.swift; path = ContentView.swift; sourceTree = "<group>"; };
		125F30652478E6DC00716DCF /* Assets.xcassets */ = {isa = PBXFileReference; lastKnownFileType = folder.assetcatalog; path = Assets.xcassets; sourceTree = "<group>"; };
		125F30682478E6DC00716DCF /* Preview Assets.xcassets */ = {isa = PBXFileReference; lastKnownFileType = folder.assetcatalog; path = "Preview Assets.xcassets"; sourceTree = "<group>"; };
		125F306B2478E6DC00716DCF /* Base */ = {isa = PBXFileReference; lastKnownFileType = file.storyboard; name = Base; path = Base.lproj/LaunchScreen.storyboard; sourceTree = "<group>"; };
		125F306D2478E6DC00716DCF /* Info.plist */ = {isa = PBXFileReference; lastKnownFileType = text.plist.xml; path = Info.plist; sourceTree = "<group>"; };
		125F30722478E6DC00716DCF /* MusicSharingTests.xctest */ = {isa = PBXFileReference; explicitFileType = wrapper.cfbundle; includeInIndex = 0; path = MusicSharingTests.xctest; sourceTree = BUILT_PRODUCTS_DIR; };
		125F30762478E6DC00716DCF /* MusicSharingTests.swift */ = {isa = PBXFileReference; lastKnownFileType = sourcecode.swift; path = MusicSharingTests.swift; sourceTree = "<group>"; };
		125F30782478E6DC00716DCF /* Info.plist */ = {isa = PBXFileReference; lastKnownFileType = text.plist.xml; path = Info.plist; sourceTree = "<group>"; };
		125F307D2478E6DC00716DCF /* MusicSharingUITests.xctest */ = {isa = PBXFileReference; explicitFileType = wrapper.cfbundle; includeInIndex = 0; path = MusicSharingUITests.xctest; sourceTree = BUILT_PRODUCTS_DIR; };
		125F30812478E6DC00716DCF /* MusicSharingUITests.swift */ = {isa = PBXFileReference; lastKnownFileType = sourcecode.swift; path = MusicSharingUITests.swift; sourceTree = "<group>"; };
		125F30832478E6DC00716DCF /* Info.plist */ = {isa = PBXFileReference; lastKnownFileType = text.plist.xml; path = Info.plist; sourceTree = "<group>"; };
		125F308F2479BF9C00716DCF /* GoogleService-Info.plist */ = {isa = PBXFileReference; fileEncoding = 4; lastKnownFileType = text.plist.xml; path = "GoogleService-Info.plist"; sourceTree = "<group>"; };
		125F309D247F14D700716DCF /* Profile.swift */ = {isa = PBXFileReference; lastKnownFileType = sourcecode.swift; path = Profile.swift; sourceTree = "<group>"; };
		125F30A02480580E00716DCF /* ProfileViewModel.swift */ = {isa = PBXFileReference; lastKnownFileType = sourcecode.swift; path = ProfileViewModel.swift; sourceTree = "<group>"; };
		125F30A424805C9400716DCF /* ProfileListView.swift */ = {isa = PBXFileReference; lastKnownFileType = sourcecode.swift; path = ProfileListView.swift; sourceTree = "<group>"; };
		125F30A72480677D00716DCF /* TaskRepository.swift */ = {isa = PBXFileReference; lastKnownFileType = sourcecode.swift; path = TaskRepository.swift; sourceTree = "<group>"; };
		125F30AA2481991000716DCF /* PersonalProfileHost.swift */ = {isa = PBXFileReference; lastKnownFileType = sourcecode.swift; path = PersonalProfileHost.swift; sourceTree = "<group>"; };
		125F30AC2481991F00716DCF /* PersonalProfileEditor.swift */ = {isa = PBXFileReference; lastKnownFileType = sourcecode.swift; path = PersonalProfileEditor.swift; sourceTree = "<group>"; };
		125F30AE2481992D00716DCF /* PersonalProfileSummary.swift */ = {isa = PBXFileReference; lastKnownFileType = sourcecode.swift; path = PersonalProfileSummary.swift; sourceTree = "<group>"; };
		125F30B02481A4F200716DCF /* UserData.swift */ = {isa = PBXFileReference; lastKnownFileType = sourcecode.swift; path = UserData.swift; sourceTree = "<group>"; };
		1271B101248F423B00665D8F /* ProfileListViewModel.swift */ = {isa = PBXFileReference; lastKnownFileType = sourcecode.swift; path = ProfileListViewModel.swift; sourceTree = "<group>"; };
		2BCFA5E5A3E2B3F2B2B3830D /* Pods_MusicSharing_MusicSharingUITests.framework */ = {isa = PBXFileReference; explicitFileType = wrapper.framework; includeInIndex = 0; path = Pods_MusicSharing_MusicSharingUITests.framework; sourceTree = BUILT_PRODUCTS_DIR; };
		32BC99C035860C61E72C291F /* Pods-MusicSharing.debug.xcconfig */ = {isa = PBXFileReference; includeInIndex = 1; lastKnownFileType = text.xcconfig; name = "Pods-MusicSharing.debug.xcconfig"; path = "Target Support Files/Pods-MusicSharing/Pods-MusicSharing.debug.xcconfig"; sourceTree = "<group>"; };
		458EFB89051E82280B391C59 /* Pods-Login_v1.debug.xcconfig */ = {isa = PBXFileReference; includeInIndex = 1; lastKnownFileType = text.xcconfig; name = "Pods-Login_v1.debug.xcconfig"; path = "Target Support Files/Pods-Login_v1/Pods-Login_v1.debug.xcconfig"; sourceTree = "<group>"; };
		487FD983BDA8A8DA16E12924 /* Pods-Login_v1.release.xcconfig */ = {isa = PBXFileReference; includeInIndex = 1; lastKnownFileType = text.xcconfig; name = "Pods-Login_v1.release.xcconfig"; path = "Target Support Files/Pods-Login_v1/Pods-Login_v1.release.xcconfig"; sourceTree = "<group>"; };
		6780E1EAB7D2E243F34CBFD9 /* Pods-Login_v1-Login_v1UITests.debug.xcconfig */ = {isa = PBXFileReference; includeInIndex = 1; lastKnownFileType = text.xcconfig; name = "Pods-Login_v1-Login_v1UITests.debug.xcconfig"; path = "Target Support Files/Pods-Login_v1-Login_v1UITests/Pods-Login_v1-Login_v1UITests.debug.xcconfig"; sourceTree = "<group>"; };
		6D0DBC512492CB32001F4C33 /* MusicSharing-Bridging-Header.h */ = {isa = PBXFileReference; lastKnownFileType = sourcecode.c.h; path = "MusicSharing-Bridging-Header.h"; sourceTree = "<group>"; };
		6D81FBBB2493FDC60000CC52 /* SpotifyiOS.framework */ = {isa = PBXFileReference; lastKnownFileType = wrapper.framework; path = SpotifyiOS.framework; sourceTree = "<group>"; };
		6DB23A8C2492BD36005BF22F /* Song.swift */ = {isa = PBXFileReference; fileEncoding = 4; lastKnownFileType = sourcecode.swift; path = Song.swift; sourceTree = "<group>"; };
		6DB23A8E2492BD4D005BF22F /* TopTracksResponse.swift */ = {isa = PBXFileReference; fileEncoding = 4; lastKnownFileType = sourcecode.swift; path = TopTracksResponse.swift; sourceTree = "<group>"; };
		6DB23A902492BD6B005BF22F /* User.swift */ = {isa = PBXFileReference; fileEncoding = 4; lastKnownFileType = sourcecode.swift; path = User.swift; sourceTree = "<group>"; };
		6DB23A922492BD81005BF22F /* SpotifyAuthentication.swift */ = {isa = PBXFileReference; fileEncoding = 4; lastKnownFileType = sourcecode.swift; path = SpotifyAuthentication.swift; sourceTree = "<group>"; };
		6DB23A942492BD8A005BF22F /* PlayingView.swift */ = {isa = PBXFileReference; fileEncoding = 4; lastKnownFileType = sourcecode.swift; path = PlayingView.swift; sourceTree = "<group>"; };
		6DB23A962492BD90005BF22F /* AppView.swift */ = {isa = PBXFileReference; fileEncoding = 4; lastKnownFileType = sourcecode.swift; path = AppView.swift; sourceTree = "<group>"; };
		84BC1A9578F5859AF077C6E5 /* Pods-MusicSharing-MusicSharingUITests.release.xcconfig */ = {isa = PBXFileReference; includeInIndex = 1; lastKnownFileType = text.xcconfig; name = "Pods-MusicSharing-MusicSharingUITests.release.xcconfig"; path = "Target Support Files/Pods-MusicSharing-MusicSharingUITests/Pods-MusicSharing-MusicSharingUITests.release.xcconfig"; sourceTree = "<group>"; };
		8EF137AAFD61688346C19058 /* Pods-Login_v1-Login_v1UITests.release.xcconfig */ = {isa = PBXFileReference; includeInIndex = 1; lastKnownFileType = text.xcconfig; name = "Pods-Login_v1-Login_v1UITests.release.xcconfig"; path = "Target Support Files/Pods-Login_v1-Login_v1UITests/Pods-Login_v1-Login_v1UITests.release.xcconfig"; sourceTree = "<group>"; };
		A5C86CBB49081B994E97E628 /* Pods-Login_v1Tests.debug.xcconfig */ = {isa = PBXFileReference; includeInIndex = 1; lastKnownFileType = text.xcconfig; name = "Pods-Login_v1Tests.debug.xcconfig"; path = "Target Support Files/Pods-Login_v1Tests/Pods-Login_v1Tests.debug.xcconfig"; sourceTree = "<group>"; };
		B4DA2F2BD3C5EA4BA781B7C7 /* Pods-MusicSharingTests.release.xcconfig */ = {isa = PBXFileReference; includeInIndex = 1; lastKnownFileType = text.xcconfig; name = "Pods-MusicSharingTests.release.xcconfig"; path = "Target Support Files/Pods-MusicSharingTests/Pods-MusicSharingTests.release.xcconfig"; sourceTree = "<group>"; };
		BC91FE4989433A2B1CBE886D /* Pods-Login_v1Tests.release.xcconfig */ = {isa = PBXFileReference; includeInIndex = 1; lastKnownFileType = text.xcconfig; name = "Pods-Login_v1Tests.release.xcconfig"; path = "Target Support Files/Pods-Login_v1Tests/Pods-Login_v1Tests.release.xcconfig"; sourceTree = "<group>"; };
		C0748AD88FAA9B0C264FAB0A /* Pods-MusicSharing-MusicSharingUITests.debug.xcconfig */ = {isa = PBXFileReference; includeInIndex = 1; lastKnownFileType = text.xcconfig; name = "Pods-MusicSharing-MusicSharingUITests.debug.xcconfig"; path = "Target Support Files/Pods-MusicSharing-MusicSharingUITests/Pods-MusicSharing-MusicSharingUITests.debug.xcconfig"; sourceTree = "<group>"; };
		C1CF78CF6475CA22B2BC7EA4 /* Pods_MusicSharingTests.framework */ = {isa = PBXFileReference; explicitFileType = wrapper.framework; includeInIndex = 0; path = Pods_MusicSharingTests.framework; sourceTree = BUILT_PRODUCTS_DIR; };
		C50A8A3C9626573A4152AE33 /* Pods_MusicSharing.framework */ = {isa = PBXFileReference; explicitFileType = wrapper.framework; includeInIndex = 0; path = Pods_MusicSharing.framework; sourceTree = BUILT_PRODUCTS_DIR; };
		EDBCB1326976F80F3858E950 /* Pods-MusicSharingTests.debug.xcconfig */ = {isa = PBXFileReference; includeInIndex = 1; lastKnownFileType = text.xcconfig; name = "Pods-MusicSharingTests.debug.xcconfig"; path = "Target Support Files/Pods-MusicSharingTests/Pods-MusicSharingTests.debug.xcconfig"; sourceTree = "<group>"; };
		F44D9930F129B73D3CF883E5 /* Pods-MusicSharing.release.xcconfig */ = {isa = PBXFileReference; includeInIndex = 1; lastKnownFileType = text.xcconfig; name = "Pods-MusicSharing.release.xcconfig"; path = "Target Support Files/Pods-MusicSharing/Pods-MusicSharing.release.xcconfig"; sourceTree = "<group>"; };
/* End PBXFileReference section */

/* Begin PBXFrameworksBuildPhase section */
		125F30592478E6DA00716DCF /* Frameworks */ = {
			isa = PBXFrameworksBuildPhase;
			buildActionMask = 2147483647;
			files = (
				6D81FBBC2493FDC60000CC52 /* SpotifyiOS.framework in Frameworks */,
			);
			runOnlyForDeploymentPostprocessing = 0;
		};
		125F306F2478E6DC00716DCF /* Frameworks */ = {
			isa = PBXFrameworksBuildPhase;
			buildActionMask = 2147483647;
			files = (
				CC914C47103E870727FFA471 /* Pods_MusicSharingTests.framework in Frameworks */,
			);
			runOnlyForDeploymentPostprocessing = 0;
		};
		125F307A2478E6DC00716DCF /* Frameworks */ = {
			isa = PBXFrameworksBuildPhase;
			buildActionMask = 2147483647;
			files = (
				80401131AD91C32FD998595B /* Pods_MusicSharing_MusicSharingUITests.framework in Frameworks */,
			);
			runOnlyForDeploymentPostprocessing = 0;
		};
/* End PBXFrameworksBuildPhase section */

/* Begin PBXGroup section */
		125F30532478E6DA00716DCF = {
			isa = PBXGroup;
			children = (
				125F30A9248198EB00716DCF /* PersonalProfile */,
				125F30A62480675C00716DCF /* Repositories */,
				125F309F248057F000716DCF /* ViewModel */,
				125F309C247F14C000716DCF /* Models */,
				125F305E2478E6DA00716DCF /* MusicSharing */,
				125F30752478E6DC00716DCF /* MusicSharingTests */,
				125F30802478E6DC00716DCF /* MusicSharingUITests */,
				125F305D2478E6DA00716DCF /* Products */,
				6E1A8B47B639735B96936E5F /* Pods */,
				5C67A9007C7E823646BB329B /* Frameworks */,
			);
			sourceTree = "<group>";
		};
		125F305D2478E6DA00716DCF /* Products */ = {
			isa = PBXGroup;
			children = (
				125F305C2478E6DA00716DCF /* MusicSharing.app */,
				125F30722478E6DC00716DCF /* MusicSharingTests.xctest */,
				125F307D2478E6DC00716DCF /* MusicSharingUITests.xctest */,
			);
			name = Products;
			sourceTree = "<group>";
		};
		125F305E2478E6DA00716DCF /* MusicSharing */ = {
			isa = PBXGroup;
			children = (
				125F305F2478E6DA00716DCF /* AppDelegate.swift */,
				125F308F2479BF9C00716DCF /* GoogleService-Info.plist */,
				125F30612478E6DA00716DCF /* SceneDelegate.swift */,
				125F30632478E6DA00716DCF /* ContentView.swift */,
				125F30A424805C9400716DCF /* ProfileListView.swift */,
				6DB23A962492BD90005BF22F /* AppView.swift */,
				6DB23A942492BD8A005BF22F /* PlayingView.swift */,
				125F30652478E6DC00716DCF /* Assets.xcassets */,
				125F306A2478E6DC00716DCF /* LaunchScreen.storyboard */,
				125F306D2478E6DC00716DCF /* Info.plist */,
				125F30672478E6DC00716DCF /* Preview Content */,
				6D0DBC512492CB32001F4C33 /* MusicSharing-Bridging-Header.h */,
			);
			path = MusicSharing;
			sourceTree = "<group>";
		};
		125F30672478E6DC00716DCF /* Preview Content */ = {
			isa = PBXGroup;
			children = (
				125F30682478E6DC00716DCF /* Preview Assets.xcassets */,
			);
			path = "Preview Content";
			sourceTree = "<group>";
		};
		125F30752478E6DC00716DCF /* MusicSharingTests */ = {
			isa = PBXGroup;
			children = (
				125F30762478E6DC00716DCF /* MusicSharingTests.swift */,
				125F30782478E6DC00716DCF /* Info.plist */,
			);
			path = MusicSharingTests;
			sourceTree = "<group>";
		};
		125F30802478E6DC00716DCF /* MusicSharingUITests */ = {
			isa = PBXGroup;
			children = (
				125F30832478E6DC00716DCF /* Info.plist */,
				125F30812478E6DC00716DCF /* MusicSharingUITests.swift */,
			);
			path = MusicSharingUITests;
			sourceTree = "<group>";
		};
		125F309C247F14C000716DCF /* Models */ = {
			isa = PBXGroup;
			children = (
				6DB23A8E2492BD4D005BF22F /* TopTracksResponse.swift */,
				6DB23A8C2492BD36005BF22F /* Song.swift */,
				125F309D247F14D700716DCF /* Profile.swift */,
				6DB23A902492BD6B005BF22F /* User.swift */,
				125F30B02481A4F200716DCF /* UserData.swift */,
			);
			path = Models;
			sourceTree = "<group>";
		};
		125F309F248057F000716DCF /* ViewModel */ = {
			isa = PBXGroup;
			children = (
				6DB23A922492BD81005BF22F /* SpotifyAuthentication.swift */,
				125F30A02480580E00716DCF /* ProfileViewModel.swift */,
				1271B101248F423B00665D8F /* ProfileListViewModel.swift */,
			);
			path = ViewModel;
			sourceTree = "<group>";
		};
		125F30A62480675C00716DCF /* Repositories */ = {
			isa = PBXGroup;
			children = (
				125F30A72480677D00716DCF /* TaskRepository.swift */,
			);
			path = Repositories;
			sourceTree = "<group>";
		};
		125F30A9248198EB00716DCF /* PersonalProfile */ = {
			isa = PBXGroup;
			children = (
				125F30AA2481991000716DCF /* PersonalProfileHost.swift */,
				125F30AC2481991F00716DCF /* PersonalProfileEditor.swift */,
				125F30AE2481992D00716DCF /* PersonalProfileSummary.swift */,
			);
			path = PersonalProfile;
			sourceTree = "<group>";
		};
		5C67A9007C7E823646BB329B /* Frameworks */ = {
			isa = PBXGroup;
			children = (
				6D81FBBB2493FDC60000CC52 /* SpotifyiOS.framework */,
				C50A8A3C9626573A4152AE33 /* Pods_MusicSharing.framework */,
				2BCFA5E5A3E2B3F2B2B3830D /* Pods_MusicSharing_MusicSharingUITests.framework */,
				C1CF78CF6475CA22B2BC7EA4 /* Pods_MusicSharingTests.framework */,
			);
			name = Frameworks;
			sourceTree = "<group>";
		};
		6E1A8B47B639735B96936E5F /* Pods */ = {
			isa = PBXGroup;
			children = (
				458EFB89051E82280B391C59 /* Pods-Login_v1.debug.xcconfig */,
				487FD983BDA8A8DA16E12924 /* Pods-Login_v1.release.xcconfig */,
				6780E1EAB7D2E243F34CBFD9 /* Pods-Login_v1-Login_v1UITests.debug.xcconfig */,
				8EF137AAFD61688346C19058 /* Pods-Login_v1-Login_v1UITests.release.xcconfig */,
				A5C86CBB49081B994E97E628 /* Pods-Login_v1Tests.debug.xcconfig */,
				BC91FE4989433A2B1CBE886D /* Pods-Login_v1Tests.release.xcconfig */,
				32BC99C035860C61E72C291F /* Pods-MusicSharing.debug.xcconfig */,
				F44D9930F129B73D3CF883E5 /* Pods-MusicSharing.release.xcconfig */,
				C0748AD88FAA9B0C264FAB0A /* Pods-MusicSharing-MusicSharingUITests.debug.xcconfig */,
				84BC1A9578F5859AF077C6E5 /* Pods-MusicSharing-MusicSharingUITests.release.xcconfig */,
				EDBCB1326976F80F3858E950 /* Pods-MusicSharingTests.debug.xcconfig */,
				B4DA2F2BD3C5EA4BA781B7C7 /* Pods-MusicSharingTests.release.xcconfig */,
			);
			path = Pods;
			sourceTree = "<group>";
		};
/* End PBXGroup section */

/* Begin PBXNativeTarget section */
		125F305B2478E6DA00716DCF /* MusicSharing */ = {
			isa = PBXNativeTarget;
			buildConfigurationList = 125F30862478E6DC00716DCF /* Build configuration list for PBXNativeTarget "MusicSharing" */;
			buildPhases = (
				F674B837240BD8E7A89A4C81 /* [CP] Check Pods Manifest.lock */,
				125F30582478E6DA00716DCF /* Sources */,
				125F30592478E6DA00716DCF /* Frameworks */,
				125F305A2478E6DA00716DCF /* Resources */,
				008D6C83FED97FF9A74EC59E /* [CP] Embed Pods Frameworks */,
				BCB1538EF1D903A31A1C9A2C /* [CP] Copy Pods Resources */,
			);
			buildRules = (
			);
			dependencies = (
			);
			name = MusicSharing;
			productName = Login_v1;
			productReference = 125F305C2478E6DA00716DCF /* MusicSharing.app */;
			productType = "com.apple.product-type.application";
		};
		125F30712478E6DC00716DCF /* MusicSharingTests */ = {
			isa = PBXNativeTarget;
			buildConfigurationList = 125F30892478E6DC00716DCF /* Build configuration list for PBXNativeTarget "MusicSharingTests" */;
			buildPhases = (
				57EAC93A12C629EC48D8A7BC /* [CP] Check Pods Manifest.lock */,
				125F306E2478E6DC00716DCF /* Sources */,
				125F306F2478E6DC00716DCF /* Frameworks */,
				125F30702478E6DC00716DCF /* Resources */,
			);
			buildRules = (
			);
			dependencies = (
				125F30742478E6DC00716DCF /* PBXTargetDependency */,
			);
			name = MusicSharingTests;
			productName = Login_v1Tests;
			productReference = 125F30722478E6DC00716DCF /* MusicSharingTests.xctest */;
			productType = "com.apple.product-type.bundle.unit-test";
		};
		125F307C2478E6DC00716DCF /* MusicSharingUITests */ = {
			isa = PBXNativeTarget;
			buildConfigurationList = 125F308C2478E6DC00716DCF /* Build configuration list for PBXNativeTarget "MusicSharingUITests" */;
			buildPhases = (
				71BA696F4E918B22DA2FAD79 /* [CP] Check Pods Manifest.lock */,
				125F30792478E6DC00716DCF /* Sources */,
				125F307A2478E6DC00716DCF /* Frameworks */,
				125F307B2478E6DC00716DCF /* Resources */,
				D093BAB615380A524C06EEF9 /* [CP] Embed Pods Frameworks */,
				D9309225D9FB6B9622C6999E /* [CP] Copy Pods Resources */,
			);
			buildRules = (
			);
			dependencies = (
				125F307F2478E6DC00716DCF /* PBXTargetDependency */,
			);
			name = MusicSharingUITests;
			productName = Login_v1UITests;
			productReference = 125F307D2478E6DC00716DCF /* MusicSharingUITests.xctest */;
			productType = "com.apple.product-type.bundle.ui-testing";
		};
/* End PBXNativeTarget section */

/* Begin PBXProject section */
		125F30542478E6DA00716DCF /* Project object */ = {
			isa = PBXProject;
			attributes = {
				LastSwiftUpdateCheck = 1150;
				LastUpgradeCheck = 1150;
				ORGANIZATIONNAME = "Jason Lo";
				TargetAttributes = {
					125F305B2478E6DA00716DCF = {
						CreatedOnToolsVersion = 11.5;
					};
					125F30712478E6DC00716DCF = {
						CreatedOnToolsVersion = 11.5;
						TestTargetID = 125F305B2478E6DA00716DCF;
					};
					125F307C2478E6DC00716DCF = {
						CreatedOnToolsVersion = 11.5;
						TestTargetID = 125F305B2478E6DA00716DCF;
					};
				};
			};
			buildConfigurationList = 125F30572478E6DA00716DCF /* Build configuration list for PBXProject "MusicSharing" */;
			compatibilityVersion = "Xcode 9.3";
			developmentRegion = en;
			hasScannedForEncodings = 0;
			knownRegions = (
				en,
				Base,
			);
			mainGroup = 125F30532478E6DA00716DCF;
			productRefGroup = 125F305D2478E6DA00716DCF /* Products */;
			projectDirPath = "";
			projectRoot = "";
			targets = (
				125F305B2478E6DA00716DCF /* MusicSharing */,
				125F30712478E6DC00716DCF /* MusicSharingTests */,
				125F307C2478E6DC00716DCF /* MusicSharingUITests */,
			);
		};
/* End PBXProject section */

/* Begin PBXResourcesBuildPhase section */
		125F305A2478E6DA00716DCF /* Resources */ = {
			isa = PBXResourcesBuildPhase;
			buildActionMask = 2147483647;
			files = (
				125F306C2478E6DC00716DCF /* LaunchScreen.storyboard in Resources */,
				125F30902479BF9C00716DCF /* GoogleService-Info.plist in Resources */,
				125F30692478E6DC00716DCF /* Preview Assets.xcassets in Resources */,
				125F30662478E6DC00716DCF /* Assets.xcassets in Resources */,
			);
			runOnlyForDeploymentPostprocessing = 0;
		};
		125F30702478E6DC00716DCF /* Resources */ = {
			isa = PBXResourcesBuildPhase;
			buildActionMask = 2147483647;
			files = (
			);
			runOnlyForDeploymentPostprocessing = 0;
		};
		125F307B2478E6DC00716DCF /* Resources */ = {
			isa = PBXResourcesBuildPhase;
			buildActionMask = 2147483647;
			files = (
			);
			runOnlyForDeploymentPostprocessing = 0;
		};
/* End PBXResourcesBuildPhase section */

/* Begin PBXShellScriptBuildPhase section */
		008D6C83FED97FF9A74EC59E /* [CP] Embed Pods Frameworks */ = {
			isa = PBXShellScriptBuildPhase;
			buildActionMask = 2147483647;
			files = (
			);
			inputFileListPaths = (
				"${PODS_ROOT}/Target Support Files/Pods-MusicSharing/Pods-MusicSharing-frameworks-${CONFIGURATION}-input-files.xcfilelist",
			);
			name = "[CP] Embed Pods Frameworks";
			outputFileListPaths = (
				"${PODS_ROOT}/Target Support Files/Pods-MusicSharing/Pods-MusicSharing-frameworks-${CONFIGURATION}-output-files.xcfilelist",
			);
			runOnlyForDeploymentPostprocessing = 0;
			shellPath = /bin/sh;
			shellScript = "\"${PODS_ROOT}/Target Support Files/Pods-MusicSharing/Pods-MusicSharing-frameworks.sh\"\n";
			showEnvVarsInLog = 0;
		};
		57EAC93A12C629EC48D8A7BC /* [CP] Check Pods Manifest.lock */ = {
			isa = PBXShellScriptBuildPhase;
			buildActionMask = 2147483647;
			files = (
			);
			inputFileListPaths = (
			);
			inputPaths = (
				"${PODS_PODFILE_DIR_PATH}/Podfile.lock",
				"${PODS_ROOT}/Manifest.lock",
			);
			name = "[CP] Check Pods Manifest.lock";
			outputFileListPaths = (
			);
			outputPaths = (
				"$(DERIVED_FILE_DIR)/Pods-MusicSharingTests-checkManifestLockResult.txt",
			);
			runOnlyForDeploymentPostprocessing = 0;
			shellPath = /bin/sh;
			shellScript = "diff \"${PODS_PODFILE_DIR_PATH}/Podfile.lock\" \"${PODS_ROOT}/Manifest.lock\" > /dev/null\nif [ $? != 0 ] ; then\n    # print error to STDERR\n    echo \"error: The sandbox is not in sync with the Podfile.lock. Run 'pod install' or update your CocoaPods installation.\" >&2\n    exit 1\nfi\n# This output is used by Xcode 'outputs' to avoid re-running this script phase.\necho \"SUCCESS\" > \"${SCRIPT_OUTPUT_FILE_0}\"\n";
			showEnvVarsInLog = 0;
		};
		71BA696F4E918B22DA2FAD79 /* [CP] Check Pods Manifest.lock */ = {
			isa = PBXShellScriptBuildPhase;
			buildActionMask = 2147483647;
			files = (
			);
			inputFileListPaths = (
			);
			inputPaths = (
				"${PODS_PODFILE_DIR_PATH}/Podfile.lock",
				"${PODS_ROOT}/Manifest.lock",
			);
			name = "[CP] Check Pods Manifest.lock";
			outputFileListPaths = (
			);
			outputPaths = (
				"$(DERIVED_FILE_DIR)/Pods-MusicSharing-MusicSharingUITests-checkManifestLockResult.txt",
			);
			runOnlyForDeploymentPostprocessing = 0;
			shellPath = /bin/sh;
			shellScript = "diff \"${PODS_PODFILE_DIR_PATH}/Podfile.lock\" \"${PODS_ROOT}/Manifest.lock\" > /dev/null\nif [ $? != 0 ] ; then\n    # print error to STDERR\n    echo \"error: The sandbox is not in sync with the Podfile.lock. Run 'pod install' or update your CocoaPods installation.\" >&2\n    exit 1\nfi\n# This output is used by Xcode 'outputs' to avoid re-running this script phase.\necho \"SUCCESS\" > \"${SCRIPT_OUTPUT_FILE_0}\"\n";
			showEnvVarsInLog = 0;
		};
		BCB1538EF1D903A31A1C9A2C /* [CP] Copy Pods Resources */ = {
			isa = PBXShellScriptBuildPhase;
			buildActionMask = 2147483647;
			files = (
			);
			inputFileListPaths = (
				"${PODS_ROOT}/Target Support Files/Pods-MusicSharing/Pods-MusicSharing-resources-${CONFIGURATION}-input-files.xcfilelist",
			);
			name = "[CP] Copy Pods Resources";
			outputFileListPaths = (
				"${PODS_ROOT}/Target Support Files/Pods-MusicSharing/Pods-MusicSharing-resources-${CONFIGURATION}-output-files.xcfilelist",
			);
			runOnlyForDeploymentPostprocessing = 0;
			shellPath = /bin/sh;
			shellScript = "\"${PODS_ROOT}/Target Support Files/Pods-MusicSharing/Pods-MusicSharing-resources.sh\"\n";
			showEnvVarsInLog = 0;
		};
		D093BAB615380A524C06EEF9 /* [CP] Embed Pods Frameworks */ = {
			isa = PBXShellScriptBuildPhase;
			buildActionMask = 2147483647;
			files = (
			);
			inputFileListPaths = (
				"${PODS_ROOT}/Target Support Files/Pods-MusicSharing-MusicSharingUITests/Pods-MusicSharing-MusicSharingUITests-frameworks-${CONFIGURATION}-input-files.xcfilelist",
			);
			name = "[CP] Embed Pods Frameworks";
			outputFileListPaths = (
				"${PODS_ROOT}/Target Support Files/Pods-MusicSharing-MusicSharingUITests/Pods-MusicSharing-MusicSharingUITests-frameworks-${CONFIGURATION}-output-files.xcfilelist",
			);
			runOnlyForDeploymentPostprocessing = 0;
			shellPath = /bin/sh;
			shellScript = "\"${PODS_ROOT}/Target Support Files/Pods-MusicSharing-MusicSharingUITests/Pods-MusicSharing-MusicSharingUITests-frameworks.sh\"\n";
			showEnvVarsInLog = 0;
		};
		D9309225D9FB6B9622C6999E /* [CP] Copy Pods Resources */ = {
			isa = PBXShellScriptBuildPhase;
			buildActionMask = 2147483647;
			files = (
			);
			inputFileListPaths = (
				"${PODS_ROOT}/Target Support Files/Pods-MusicSharing-MusicSharingUITests/Pods-MusicSharing-MusicSharingUITests-resources-${CONFIGURATION}-input-files.xcfilelist",
			);
			name = "[CP] Copy Pods Resources";
			outputFileListPaths = (
				"${PODS_ROOT}/Target Support Files/Pods-MusicSharing-MusicSharingUITests/Pods-MusicSharing-MusicSharingUITests-resources-${CONFIGURATION}-output-files.xcfilelist",
			);
			runOnlyForDeploymentPostprocessing = 0;
			shellPath = /bin/sh;
			shellScript = "\"${PODS_ROOT}/Target Support Files/Pods-MusicSharing-MusicSharingUITests/Pods-MusicSharing-MusicSharingUITests-resources.sh\"\n";
			showEnvVarsInLog = 0;
		};
		F674B837240BD8E7A89A4C81 /* [CP] Check Pods Manifest.lock */ = {
			isa = PBXShellScriptBuildPhase;
			buildActionMask = 2147483647;
			files = (
			);
			inputFileListPaths = (
			);
			inputPaths = (
				"${PODS_PODFILE_DIR_PATH}/Podfile.lock",
				"${PODS_ROOT}/Manifest.lock",
			);
			name = "[CP] Check Pods Manifest.lock";
			outputFileListPaths = (
			);
			outputPaths = (
				"$(DERIVED_FILE_DIR)/Pods-MusicSharing-checkManifestLockResult.txt",
			);
			runOnlyForDeploymentPostprocessing = 0;
			shellPath = /bin/sh;
			shellScript = "diff \"${PODS_PODFILE_DIR_PATH}/Podfile.lock\" \"${PODS_ROOT}/Manifest.lock\" > /dev/null\nif [ $? != 0 ] ; then\n    # print error to STDERR\n    echo \"error: The sandbox is not in sync with the Podfile.lock. Run 'pod install' or update your CocoaPods installation.\" >&2\n    exit 1\nfi\n# This output is used by Xcode 'outputs' to avoid re-running this script phase.\necho \"SUCCESS\" > \"${SCRIPT_OUTPUT_FILE_0}\"\n";
			showEnvVarsInLog = 0;
		};
/* End PBXShellScriptBuildPhase section */

/* Begin PBXSourcesBuildPhase section */
		125F30582478E6DA00716DCF /* Sources */ = {
			isa = PBXSourcesBuildPhase;
			buildActionMask = 2147483647;
			files = (
				125F30AF2481992D00716DCF /* PersonalProfileSummary.swift in Sources */,
				125F30602478E6DA00716DCF /* AppDelegate.swift in Sources */,
				6DB23A972492BD90005BF22F /* AppView.swift in Sources */,
				125F30B12481A4F200716DCF /* UserData.swift in Sources */,
				125F309E247F14D800716DCF /* Profile.swift in Sources */,
				6DB23A932492BD81005BF22F /* SpotifyAuthentication.swift in Sources */,
				125F30622478E6DA00716DCF /* SceneDelegate.swift in Sources */,
				125F30642478E6DA00716DCF /* ContentView.swift in Sources */,
				6DB23A8F2492BD4D005BF22F /* TopTracksResponse.swift in Sources */,
				1271B102248F423B00665D8F /* ProfileListViewModel.swift in Sources */,
				6DB23A912492BD6B005BF22F /* User.swift in Sources */,
				125F30A524805C9400716DCF /* ProfileListView.swift in Sources */,
				125F30A12480580E00716DCF /* ProfileViewModel.swift in Sources */,
				125F30A82480677D00716DCF /* TaskRepository.swift in Sources */,
				6DB23A952492BD8A005BF22F /* PlayingView.swift in Sources */,
				125F30AB2481991000716DCF /* PersonalProfileHost.swift in Sources */,
				6DB23A8D2492BD36005BF22F /* Song.swift in Sources */,
				125F30AD2481991F00716DCF /* PersonalProfileEditor.swift in Sources */,
			);
			runOnlyForDeploymentPostprocessing = 0;
		};
		125F306E2478E6DC00716DCF /* Sources */ = {
			isa = PBXSourcesBuildPhase;
			buildActionMask = 2147483647;
			files = (
				125F30772478E6DC00716DCF /* MusicSharingTests.swift in Sources */,
			);
			runOnlyForDeploymentPostprocessing = 0;
		};
		125F30792478E6DC00716DCF /* Sources */ = {
			isa = PBXSourcesBuildPhase;
			buildActionMask = 2147483647;
			files = (
				125F30822478E6DC00716DCF /* MusicSharingUITests.swift in Sources */,
			);
			runOnlyForDeploymentPostprocessing = 0;
		};
/* End PBXSourcesBuildPhase section */

/* Begin PBXTargetDependency section */
		125F30742478E6DC00716DCF /* PBXTargetDependency */ = {
			isa = PBXTargetDependency;
			target = 125F305B2478E6DA00716DCF /* MusicSharing */;
			targetProxy = 125F30732478E6DC00716DCF /* PBXContainerItemProxy */;
		};
		125F307F2478E6DC00716DCF /* PBXTargetDependency */ = {
			isa = PBXTargetDependency;
			target = 125F305B2478E6DA00716DCF /* MusicSharing */;
			targetProxy = 125F307E2478E6DC00716DCF /* PBXContainerItemProxy */;
		};
/* End PBXTargetDependency section */

/* Begin PBXVariantGroup section */
		125F306A2478E6DC00716DCF /* LaunchScreen.storyboard */ = {
			isa = PBXVariantGroup;
			children = (
				125F306B2478E6DC00716DCF /* Base */,
			);
			name = LaunchScreen.storyboard;
			sourceTree = "<group>";
		};
/* End PBXVariantGroup section */

/* Begin XCBuildConfiguration section */
		125F30842478E6DC00716DCF /* Debug */ = {
			isa = XCBuildConfiguration;
			buildSettings = {
				ALWAYS_SEARCH_USER_PATHS = NO;
				CLANG_ANALYZER_NONNULL = YES;
				CLANG_ANALYZER_NUMBER_OBJECT_CONVERSION = YES_AGGRESSIVE;
				CLANG_CXX_LANGUAGE_STANDARD = "gnu++14";
				CLANG_CXX_LIBRARY = "libc++";
				CLANG_ENABLE_MODULES = YES;
				CLANG_ENABLE_OBJC_ARC = YES;
				CLANG_ENABLE_OBJC_WEAK = YES;
				CLANG_WARN_BLOCK_CAPTURE_AUTORELEASING = YES;
				CLANG_WARN_BOOL_CONVERSION = YES;
				CLANG_WARN_COMMA = YES;
				CLANG_WARN_CONSTANT_CONVERSION = YES;
				CLANG_WARN_DEPRECATED_OBJC_IMPLEMENTATIONS = YES;
				CLANG_WARN_DIRECT_OBJC_ISA_USAGE = YES_ERROR;
				CLANG_WARN_DOCUMENTATION_COMMENTS = YES;
				CLANG_WARN_EMPTY_BODY = YES;
				CLANG_WARN_ENUM_CONVERSION = YES;
				CLANG_WARN_INFINITE_RECURSION = YES;
				CLANG_WARN_INT_CONVERSION = YES;
				CLANG_WARN_NON_LITERAL_NULL_CONVERSION = YES;
				CLANG_WARN_OBJC_IMPLICIT_RETAIN_SELF = YES;
				CLANG_WARN_OBJC_LITERAL_CONVERSION = YES;
				CLANG_WARN_OBJC_ROOT_CLASS = YES_ERROR;
				CLANG_WARN_RANGE_LOOP_ANALYSIS = YES;
				CLANG_WARN_STRICT_PROTOTYPES = YES;
				CLANG_WARN_SUSPICIOUS_MOVE = YES;
				CLANG_WARN_UNGUARDED_AVAILABILITY = YES_AGGRESSIVE;
				CLANG_WARN_UNREACHABLE_CODE = YES;
				CLANG_WARN__DUPLICATE_METHOD_MATCH = YES;
				COPY_PHASE_STRIP = NO;
				DEBUG_INFORMATION_FORMAT = dwarf;
				ENABLE_STRICT_OBJC_MSGSEND = YES;
				ENABLE_TESTABILITY = YES;
				GCC_C_LANGUAGE_STANDARD = gnu11;
				GCC_DYNAMIC_NO_PIC = NO;
				GCC_NO_COMMON_BLOCKS = YES;
				GCC_OPTIMIZATION_LEVEL = 0;
				GCC_PREPROCESSOR_DEFINITIONS = (
					"DEBUG=1",
					"$(inherited)",
				);
				GCC_WARN_64_TO_32_BIT_CONVERSION = YES;
				GCC_WARN_ABOUT_RETURN_TYPE = YES_ERROR;
				GCC_WARN_UNDECLARED_SELECTOR = YES;
				GCC_WARN_UNINITIALIZED_AUTOS = YES_AGGRESSIVE;
				GCC_WARN_UNUSED_FUNCTION = YES;
				GCC_WARN_UNUSED_VARIABLE = YES;
				IPHONEOS_DEPLOYMENT_TARGET = 13.5;
				MTL_ENABLE_DEBUG_INFO = INCLUDE_SOURCE;
				MTL_FAST_MATH = YES;
				ONLY_ACTIVE_ARCH = YES;
				SDKROOT = iphoneos;
				SWIFT_ACTIVE_COMPILATION_CONDITIONS = DEBUG;
				SWIFT_OBJC_BRIDGING_HEADER = "";
				SWIFT_OPTIMIZATION_LEVEL = "-Onone";
			};
			name = Debug;
		};
		125F30852478E6DC00716DCF /* Release */ = {
			isa = XCBuildConfiguration;
			buildSettings = {
				ALWAYS_SEARCH_USER_PATHS = NO;
				CLANG_ANALYZER_NONNULL = YES;
				CLANG_ANALYZER_NUMBER_OBJECT_CONVERSION = YES_AGGRESSIVE;
				CLANG_CXX_LANGUAGE_STANDARD = "gnu++14";
				CLANG_CXX_LIBRARY = "libc++";
				CLANG_ENABLE_MODULES = YES;
				CLANG_ENABLE_OBJC_ARC = YES;
				CLANG_ENABLE_OBJC_WEAK = YES;
				CLANG_WARN_BLOCK_CAPTURE_AUTORELEASING = YES;
				CLANG_WARN_BOOL_CONVERSION = YES;
				CLANG_WARN_COMMA = YES;
				CLANG_WARN_CONSTANT_CONVERSION = YES;
				CLANG_WARN_DEPRECATED_OBJC_IMPLEMENTATIONS = YES;
				CLANG_WARN_DIRECT_OBJC_ISA_USAGE = YES_ERROR;
				CLANG_WARN_DOCUMENTATION_COMMENTS = YES;
				CLANG_WARN_EMPTY_BODY = YES;
				CLANG_WARN_ENUM_CONVERSION = YES;
				CLANG_WARN_INFINITE_RECURSION = YES;
				CLANG_WARN_INT_CONVERSION = YES;
				CLANG_WARN_NON_LITERAL_NULL_CONVERSION = YES;
				CLANG_WARN_OBJC_IMPLICIT_RETAIN_SELF = YES;
				CLANG_WARN_OBJC_LITERAL_CONVERSION = YES;
				CLANG_WARN_OBJC_ROOT_CLASS = YES_ERROR;
				CLANG_WARN_RANGE_LOOP_ANALYSIS = YES;
				CLANG_WARN_STRICT_PROTOTYPES = YES;
				CLANG_WARN_SUSPICIOUS_MOVE = YES;
				CLANG_WARN_UNGUARDED_AVAILABILITY = YES_AGGRESSIVE;
				CLANG_WARN_UNREACHABLE_CODE = YES;
				CLANG_WARN__DUPLICATE_METHOD_MATCH = YES;
				COPY_PHASE_STRIP = NO;
				DEBUG_INFORMATION_FORMAT = "dwarf-with-dsym";
				ENABLE_NS_ASSERTIONS = NO;
				ENABLE_STRICT_OBJC_MSGSEND = YES;
				GCC_C_LANGUAGE_STANDARD = gnu11;
				GCC_NO_COMMON_BLOCKS = YES;
				GCC_WARN_64_TO_32_BIT_CONVERSION = YES;
				GCC_WARN_ABOUT_RETURN_TYPE = YES_ERROR;
				GCC_WARN_UNDECLARED_SELECTOR = YES;
				GCC_WARN_UNINITIALIZED_AUTOS = YES_AGGRESSIVE;
				GCC_WARN_UNUSED_FUNCTION = YES;
				GCC_WARN_UNUSED_VARIABLE = YES;
				IPHONEOS_DEPLOYMENT_TARGET = 13.5;
				MTL_ENABLE_DEBUG_INFO = NO;
				MTL_FAST_MATH = YES;
				SDKROOT = iphoneos;
				SWIFT_COMPILATION_MODE = wholemodule;
				SWIFT_OBJC_BRIDGING_HEADER = "";
				SWIFT_OPTIMIZATION_LEVEL = "-O";
				VALIDATE_PRODUCT = YES;
			};
			name = Release;
		};
		125F30872478E6DC00716DCF /* Debug */ = {
			isa = XCBuildConfiguration;
			baseConfigurationReference = 32BC99C035860C61E72C291F /* Pods-MusicSharing.debug.xcconfig */;
			buildSettings = {
				ASSETCATALOG_COMPILER_APPICON_NAME = AppIcon;
				CODE_SIGN_STYLE = Automatic;
				DEVELOPMENT_ASSET_PATHS = "\"MusicSharing/Preview Content\"";
				ENABLE_PREVIEWS = YES;
				FRAMEWORK_SEARCH_PATHS = (
					"$(inherited)",
					"$(PROJECT_DIR)",
				);
				HEADER_SEARCH_PATHS = (
					"$(inherited)",
					"\"${PODS_CONFIGURATION_BUILD_DIR}/AppAuth/AppAuth.framework/Headers\"",
					"\"${PODS_CONFIGURATION_BUILD_DIR}/BoringSSL-GRPC/openssl_grpc.framework/Headers\"",
					"\"${PODS_CONFIGURATION_BUILD_DIR}/FirebaseAuth/FirebaseAuth.framework/Headers\"",
					"\"${PODS_CONFIGURATION_BUILD_DIR}/FirebaseCore/FirebaseCore.framework/Headers\"",
					"\"${PODS_CONFIGURATION_BUILD_DIR}/FirebaseCoreDiagnostics/FirebaseCoreDiagnostics.framework/Headers\"",
					"\"${PODS_CONFIGURATION_BUILD_DIR}/FirebaseFirestore/FirebaseFirestore.framework/Headers\"",
					"\"${PODS_CONFIGURATION_BUILD_DIR}/FirebaseFirestoreSwift/FirebaseFirestoreSwift.framework/Headers\"",
					"\"${PODS_CONFIGURATION_BUILD_DIR}/FirebaseInstallations/FirebaseInstallations.framework/Headers\"",
					"\"${PODS_CONFIGURATION_BUILD_DIR}/GTMAppAuth/GTMAppAuth.framework/Headers\"",
					"\"${PODS_CONFIGURATION_BUILD_DIR}/GTMSessionFetcher/GTMSessionFetcher.framework/Headers\"",
					"\"${PODS_CONFIGURATION_BUILD_DIR}/GoogleDataTransport/GoogleDataTransport.framework/Headers\"",
					"\"${PODS_CONFIGURATION_BUILD_DIR}/GoogleDataTransportCCTSupport/GoogleDataTransportCCTSupport.framework/Headers\"",
					"\"${PODS_CONFIGURATION_BUILD_DIR}/GoogleUtilities/GoogleUtilities.framework/Headers\"",
					"\"${PODS_CONFIGURATION_BUILD_DIR}/PromisesObjC/FBLPromises.framework/Headers\"",
					"\"${PODS_CONFIGURATION_BUILD_DIR}/abseil/absl.framework/Headers\"",
					"\"${PODS_CONFIGURATION_BUILD_DIR}/gRPC-C++/grpcpp.framework/Headers\"",
					"\"${PODS_CONFIGURATION_BUILD_DIR}/gRPC-Core/grpc.framework/Headers\"",
					"\"${PODS_CONFIGURATION_BUILD_DIR}/leveldb-library/leveldb.framework/Headers\"",
					"\"${PODS_CONFIGURATION_BUILD_DIR}/nanopb/nanopb.framework/Headers\"",
					"\"${PODS_ROOT}/Headers/Public\"",
					"\"${PODS_ROOT}/Headers/Public/Firebase\"",
					"\"${PODS_ROOT}/Headers/Public/FirebaseAuthInterop\"",
					"\"${PODS_ROOT}/Headers/Public/FirebaseCoreDiagnosticsInterop\"",
					"$(inherited)",
					"${PODS_ROOT}/Firebase/CoreOnly/Sources",
					"\"${PODS_TARGET_SRCROOT}/Sources/FBLPromises/include\"",
				);
				INFOPLIST_FILE = MusicSharing/Info.plist;
				LD_RUNPATH_SEARCH_PATHS = (
					"$(inherited)",
					"@executable_path/Frameworks",
				);
				PRODUCT_BUNDLE_IDENTIFIER = "jasonidentifier.Login-v1";
				PRODUCT_NAME = MusicSharing;
				SWIFT_OBJC_BRIDGING_HEADER = "/Users/andrechang/Desktop/MusicSharing-master/MusicSharing/MusicSharing-Bridging-Header.h";
				SWIFT_VERSION = 5.0;
				TARGETED_DEVICE_FAMILY = "1,2";
				USER_HEADER_SEARCH_PATHS = "";
			};
			name = Debug;
		};
		125F30882478E6DC00716DCF /* Release */ = {
			isa = XCBuildConfiguration;
			baseConfigurationReference = F44D9930F129B73D3CF883E5 /* Pods-MusicSharing.release.xcconfig */;
			buildSettings = {
				ASSETCATALOG_COMPILER_APPICON_NAME = AppIcon;
				CODE_SIGN_STYLE = Automatic;
				DEVELOPMENT_ASSET_PATHS = "\"MusicSharing/Preview Content\"";
				ENABLE_PREVIEWS = YES;
				FRAMEWORK_SEARCH_PATHS = (
					"$(inherited)",
					"$(PROJECT_DIR)",
				);
				HEADER_SEARCH_PATHS = (
					"$(inherited)",
					"\"${PODS_CONFIGURATION_BUILD_DIR}/AppAuth/AppAuth.framework/Headers\"",
					"\"${PODS_CONFIGURATION_BUILD_DIR}/BoringSSL-GRPC/openssl_grpc.framework/Headers\"",
					"\"${PODS_CONFIGURATION_BUILD_DIR}/FirebaseAuth/FirebaseAuth.framework/Headers\"",
					"\"${PODS_CONFIGURATION_BUILD_DIR}/FirebaseCore/FirebaseCore.framework/Headers\"",
					"\"${PODS_CONFIGURATION_BUILD_DIR}/FirebaseCoreDiagnostics/FirebaseCoreDiagnostics.framework/Headers\"",
					"\"${PODS_CONFIGURATION_BUILD_DIR}/FirebaseFirestore/FirebaseFirestore.framework/Headers\"",
					"\"${PODS_CONFIGURATION_BUILD_DIR}/FirebaseFirestoreSwift/FirebaseFirestoreSwift.framework/Headers\"",
					"\"${PODS_CONFIGURATION_BUILD_DIR}/FirebaseInstallations/FirebaseInstallations.framework/Headers\"",
					"\"${PODS_CONFIGURATION_BUILD_DIR}/GTMAppAuth/GTMAppAuth.framework/Headers\"",
					"\"${PODS_CONFIGURATION_BUILD_DIR}/GTMSessionFetcher/GTMSessionFetcher.framework/Headers\"",
					"\"${PODS_CONFIGURATION_BUILD_DIR}/GoogleDataTransport/GoogleDataTransport.framework/Headers\"",
					"\"${PODS_CONFIGURATION_BUILD_DIR}/GoogleDataTransportCCTSupport/GoogleDataTransportCCTSupport.framework/Headers\"",
					"\"${PODS_CONFIGURATION_BUILD_DIR}/GoogleUtilities/GoogleUtilities.framework/Headers\"",
					"\"${PODS_CONFIGURATION_BUILD_DIR}/PromisesObjC/FBLPromises.framework/Headers\"",
					"\"${PODS_CONFIGURATION_BUILD_DIR}/abseil/absl.framework/Headers\"",
					"\"${PODS_CONFIGURATION_BUILD_DIR}/gRPC-C++/grpcpp.framework/Headers\"",
					"\"${PODS_CONFIGURATION_BUILD_DIR}/gRPC-Core/grpc.framework/Headers\"",
					"\"${PODS_CONFIGURATION_BUILD_DIR}/leveldb-library/leveldb.framework/Headers\"",
					"\"${PODS_CONFIGURATION_BUILD_DIR}/nanopb/nanopb.framework/Headers\"",
					"\"${PODS_ROOT}/Headers/Public\"",
					"\"${PODS_ROOT}/Headers/Public/Firebase\"",
					"\"${PODS_ROOT}/Headers/Public/FirebaseAuthInterop\"",
					"\"${PODS_ROOT}/Headers/Public/FirebaseCoreDiagnosticsInterop\"",
					"$(inherited)",
					"${PODS_ROOT}/Firebase/CoreOnly/Sources",
					"\"${PODS_TARGET_SRCROOT}/Sources/FBLPromises/include\"",
				);
				INFOPLIST_FILE = MusicSharing/Info.plist;
				LD_RUNPATH_SEARCH_PATHS = (
					"$(inherited)",
					"@executable_path/Frameworks",
				);
				PRODUCT_BUNDLE_IDENTIFIER = "jasonidentifier.Login-v1";
				PRODUCT_NAME = MusicSharing;
				SWIFT_OBJC_BRIDGING_HEADER = "/Users/andrechang/Desktop/MusicSharing-master/MusicSharing/MusicSharing-Bridging-Header.h";
				SWIFT_VERSION = 5.0;
				TARGETED_DEVICE_FAMILY = "1,2";
				USER_HEADER_SEARCH_PATHS = "";
			};
			name = Release;
		};
		125F308A2478E6DC00716DCF /* Debug */ = {
			isa = XCBuildConfiguration;
			baseConfigurationReference = EDBCB1326976F80F3858E950 /* Pods-MusicSharingTests.debug.xcconfig */;
			buildSettings = {
				ALWAYS_EMBED_SWIFT_STANDARD_LIBRARIES = YES;
				BUNDLE_LOADER = "$(TEST_HOST)";
				CODE_SIGN_STYLE = Automatic;
				INFOPLIST_FILE = Login_v1Tests/Info.plist;
				IPHONEOS_DEPLOYMENT_TARGET = 13.5;
				LD_RUNPATH_SEARCH_PATHS = (
					"$(inherited)",
					"@executable_path/Frameworks",
					"@loader_path/Frameworks",
				);
				PRODUCT_BUNDLE_IDENTIFIER = "jasonidentifier.Login-v1Tests";
				PRODUCT_NAME = "$(TARGET_NAME)";
				SWIFT_OBJC_BRIDGING_HEADER = "";
				SWIFT_VERSION = 5.0;
				TARGETED_DEVICE_FAMILY = "1,2";
				TEST_HOST = "$(BUILT_PRODUCTS_DIR)/MusicSharing.app/MusicSharing";
			};
			name = Debug;
		};
		125F308B2478E6DC00716DCF /* Release */ = {
			isa = XCBuildConfiguration;
			baseConfigurationReference = B4DA2F2BD3C5EA4BA781B7C7 /* Pods-MusicSharingTests.release.xcconfig */;
			buildSettings = {
				ALWAYS_EMBED_SWIFT_STANDARD_LIBRARIES = YES;
				BUNDLE_LOADER = "$(TEST_HOST)";
				CODE_SIGN_STYLE = Automatic;
				INFOPLIST_FILE = Login_v1Tests/Info.plist;
				IPHONEOS_DEPLOYMENT_TARGET = 13.5;
				LD_RUNPATH_SEARCH_PATHS = (
					"$(inherited)",
					"@executable_path/Frameworks",
					"@loader_path/Frameworks",
				);
				PRODUCT_BUNDLE_IDENTIFIER = "jasonidentifier.Login-v1Tests";
				PRODUCT_NAME = "$(TARGET_NAME)";
				SWIFT_OBJC_BRIDGING_HEADER = "";
				SWIFT_VERSION = 5.0;
				TARGETED_DEVICE_FAMILY = "1,2";
				TEST_HOST = "$(BUILT_PRODUCTS_DIR)/MusicSharing.app/MusicSharing";
			};
			name = Release;
		};
		125F308D2478E6DC00716DCF /* Debug */ = {
			isa = XCBuildConfiguration;
			baseConfigurationReference = C0748AD88FAA9B0C264FAB0A /* Pods-MusicSharing-MusicSharingUITests.debug.xcconfig */;
			buildSettings = {
				ALWAYS_EMBED_SWIFT_STANDARD_LIBRARIES = YES;
				CODE_SIGN_STYLE = Automatic;
				INFOPLIST_FILE = Login_v1UITests/Info.plist;
				LD_RUNPATH_SEARCH_PATHS = (
					"$(inherited)",
					"@executable_path/Frameworks",
					"@loader_path/Frameworks",
				);
				PRODUCT_BUNDLE_IDENTIFIER = "jasonidentifier.Login-v1UITests";
				PRODUCT_NAME = "$(TARGET_NAME)";
				SWIFT_VERSION = 5.0;
				TARGETED_DEVICE_FAMILY = "1,2";
				TEST_TARGET_NAME = Login_v1;
			};
			name = Debug;
		};
		125F308E2478E6DC00716DCF /* Release */ = {
			isa = XCBuildConfiguration;
			baseConfigurationReference = 84BC1A9578F5859AF077C6E5 /* Pods-MusicSharing-MusicSharingUITests.release.xcconfig */;
			buildSettings = {
				ALWAYS_EMBED_SWIFT_STANDARD_LIBRARIES = YES;
				CODE_SIGN_STYLE = Automatic;
				INFOPLIST_FILE = Login_v1UITests/Info.plist;
				LD_RUNPATH_SEARCH_PATHS = (
					"$(inherited)",
					"@executable_path/Frameworks",
					"@loader_path/Frameworks",
				);
				PRODUCT_BUNDLE_IDENTIFIER = "jasonidentifier.Login-v1UITests";
				PRODUCT_NAME = "$(TARGET_NAME)";
				SWIFT_VERSION = 5.0;
				TARGETED_DEVICE_FAMILY = "1,2";
				TEST_TARGET_NAME = Login_v1;
			};
			name = Release;
		};
/* End XCBuildConfiguration section */

/* Begin XCConfigurationList section */
		125F30572478E6DA00716DCF /* Build configuration list for PBXProject "MusicSharing" */ = {
			isa = XCConfigurationList;
			buildConfigurations = (
				125F30842478E6DC00716DCF /* Debug */,
				125F30852478E6DC00716DCF /* Release */,
			);
			defaultConfigurationIsVisible = 0;
			defaultConfigurationName = Release;
		};
		125F30862478E6DC00716DCF /* Build configuration list for PBXNativeTarget "MusicSharing" */ = {
			isa = XCConfigurationList;
			buildConfigurations = (
				125F30872478E6DC00716DCF /* Debug */,
				125F30882478E6DC00716DCF /* Release */,
			);
			defaultConfigurationIsVisible = 0;
			defaultConfigurationName = Release;
		};
		125F30892478E6DC00716DCF /* Build configuration list for PBXNativeTarget "MusicSharingTests" */ = {
			isa = XCConfigurationList;
			buildConfigurations = (
				125F308A2478E6DC00716DCF /* Debug */,
				125F308B2478E6DC00716DCF /* Release */,
			);
			defaultConfigurationIsVisible = 0;
			defaultConfigurationName = Release;
		};
		125F308C2478E6DC00716DCF /* Build configuration list for PBXNativeTarget "MusicSharingUITests" */ = {
			isa = XCConfigurationList;
			buildConfigurations = (
				125F308D2478E6DC00716DCF /* Debug */,
				125F308E2478E6DC00716DCF /* Release */,
			);
			defaultConfigurationIsVisible = 0;
			defaultConfigurationName = Release;
		};
/* End XCConfigurationList section */
	};
	rootObject = 125F30542478E6DA00716DCF /* Project object */;
}
